
Microsoft Visual Studio Solution File, Format Version 12.00
# Visual Studio 2013
VisualStudioVersion = 12.0.30723.0
MinimumVisualStudioVersion = 10.0.40219.1
Project("{FAE04EC0-301F-11D3-BF4B-00C04F79EFBC}") = "NebulasClient", "NebulasClient.csproj", "{9FA7EBE2-042D-4158-87DB-B417880204AA}"
	ProjectSection(ProjectDependencies) = postProject
		{8249D84D-0750-4FFD-BD43-894344E60A2C} = {8249D84D-0750-4FFD-BD43-894344E60A2C}
	EndProjectSection
EndProject
Project("{FAE04EC0-301F-11D3-BF4B-00C04F79EFBC}") = "NebulasServer", "NebulasServer.csproj", "{F3AC6044-8C5D-4697-AF3B-BC2A2EC9992C}"
	ProjectSection(ProjectDependencies) = postProject
		{8249D84D-0750-4FFD-BD43-894344E60A2C} = {8249D84D-0750-4FFD-BD43-894344E60A2C}
	EndProjectSection
EndProject
Project("{FAE04EC0-301F-11D3-BF4B-00C04F79EFBC}") = "NebulasCommon", "NebulasCommon.csproj", "{8249D84D-0750-4FFD-BD43-894344E60A2C}"
EndProject
Project("{FAE04EC0-301F-11D3-BF4B-00C04F79EFBC}") = "NebulasUnitTest", "NebulasUnitTest.csproj", "{BB0A289D-50B1-4754-B0B3-89D5E8E2DECC}"
	ProjectSection(ProjectDependencies) = postProject
		{8249D84D-0750-4FFD-BD43-894344E60A2C} = {8249D84D-0750-4FFD-BD43-894344E60A2C}
		{1903DCB6-CA0D-4472-BF37-983321B8CA11} = {1903DCB6-CA0D-4472-BF37-983321B8CA11}
	EndProjectSection
EndProject
Project("{FAE04EC0-301F-11D3-BF4B-00C04F79EFBC}") = "NebulasNetworkFoundation", "NebulasNetworkFoundation.csproj", "{1903DCB6-CA0D-4472-BF37-983321B8CA11}"
EndProject
Project("{FAE04EC0-301F-11D3-BF4B-00C04F79EFBC}") = "NebulasDummyServer", "NebulasDummyServer.csproj", "{C247E548-5657-49E7-8379-8444CFB12CD1}"
EndProject
Project("{FAE04EC0-301F-11D3-BF4B-00C04F79EFBC}") = "NebulasDummyClient", "NebulasDummyClient.csproj", "{BC2F8F68-E22D-4C49-9585-C995D41A6141}"
EndProject
Project("{FAE04EC0-301F-11D3-BF4B-00C04F79EFBC}") = "NebulasRubyCore", "NebulasRubyCore.csproj", "{6AEDB151-201F-4A0F-B13C-7A3FD6737FC8}"
EndProject
Project("{FAE04EC0-301F-11D3-BF4B-00C04F79EFBC}") = "NebulasConfig", "NebulasConfig.csproj", "{861E6563-C022-422B-9A33-F880C9A73EAE}"
EndProject
Global
	GlobalSection(SolutionConfigurationPlatforms) = preSolution
		Debug|Any CPU = Debug|Any CPU
		Debug|Mixed Platforms = Debug|Mixed Platforms
		Debug|x86 = Debug|x86
		Release|Any CPU = Release|Any CPU
		Release|Mixed Platforms = Release|Mixed Platforms
		Release|x86 = Release|x86
	EndGlobalSection
	GlobalSection(ProjectConfigurationPlatforms) = postSolution
		{9FA7EBE2-042D-4158-87DB-B417880204AA}.Debug|Any CPU.ActiveCfg = Debug|x86
		{9FA7EBE2-042D-4158-87DB-B417880204AA}.Debug|Mixed Platforms.ActiveCfg = Debug|x86
		{9FA7EBE2-042D-4158-87DB-B417880204AA}.Debug|Mixed Platforms.Build.0 = Debug|x86
		{9FA7EBE2-042D-4158-87DB-B417880204AA}.Debug|x86.ActiveCfg = Debug|x86
		{9FA7EBE2-042D-4158-87DB-B417880204AA}.Debug|x86.Build.0 = Debug|x86
		{9FA7EBE2-042D-4158-87DB-B417880204AA}.Release|Any CPU.ActiveCfg = Release|x86
		{9FA7EBE2-042D-4158-87DB-B417880204AA}.Release|Mixed Platforms.ActiveCfg = Release|x86
		{9FA7EBE2-042D-4158-87DB-B417880204AA}.Release|Mixed Platforms.Build.0 = Release|x86
		{9FA7EBE2-042D-4158-87DB-B417880204AA}.Release|x86.ActiveCfg = Release|x86
		{9FA7EBE2-042D-4158-87DB-B417880204AA}.Release|x86.Build.0 = Release|x86
		{F3AC6044-8C5D-4697-AF3B-BC2A2EC9992C}.Debug|Any CPU.ActiveCfg = Debug|Any CPU
		{F3AC6044-8C5D-4697-AF3B-BC2A2EC9992C}.Debug|Any CPU.Build.0 = Debug|Any CPU
		{F3AC6044-8C5D-4697-AF3B-BC2A2EC9992C}.Debug|Mixed Platforms.ActiveCfg = Debug|Any CPU
		{F3AC6044-8C5D-4697-AF3B-BC2A2EC9992C}.Debug|Mixed Platforms.Build.0 = Debug|Any CPU
		{F3AC6044-8C5D-4697-AF3B-BC2A2EC9992C}.Debug|x86.ActiveCfg = Debug|Any CPU
		{F3AC6044-8C5D-4697-AF3B-BC2A2EC9992C}.Release|Any CPU.ActiveCfg = Release|Any CPU
		{F3AC6044-8C5D-4697-AF3B-BC2A2EC9992C}.Release|Any CPU.Build.0 = Release|Any CPU
		{F3AC6044-8C5D-4697-AF3B-BC2A2EC9992C}.Release|Mixed Platforms.ActiveCfg = Release|Any CPU
		{F3AC6044-8C5D-4697-AF3B-BC2A2EC9992C}.Release|Mixed Platforms.Build.0 = Release|Any CPU
		{F3AC6044-8C5D-4697-AF3B-BC2A2EC9992C}.Release|x86.ActiveCfg = Release|Any CPU
		{8249D84D-0750-4FFD-BD43-894344E60A2C}.Debug|Any CPU.ActiveCfg = Debug|Any CPU
		{8249D84D-0750-4FFD-BD43-894344E60A2C}.Debug|Any CPU.Build.0 = Debug|Any CPU
		{8249D84D-0750-4FFD-BD43-894344E60A2C}.Debug|Mixed Platforms.ActiveCfg = Debug|Any CPU
		{8249D84D-0750-4FFD-BD43-894344E60A2C}.Debug|Mixed Platforms.Build.0 = Debug|Any CPU
		{8249D84D-0750-4FFD-BD43-894344E60A2C}.Debug|x86.ActiveCfg = Debug|Any CPU
		{8249D84D-0750-4FFD-BD43-894344E60A2C}.Release|Any CPU.ActiveCfg = Release|Any CPU
		{8249D84D-0750-4FFD-BD43-894344E60A2C}.Release|Any CPU.Build.0 = Release|Any CPU
		{8249D84D-0750-4FFD-BD43-894344E60A2C}.Release|Mixed Platforms.ActiveCfg = Release|Any CPU
		{8249D84D-0750-4FFD-BD43-894344E60A2C}.Release|Mixed Platforms.Build.0 = Release|Any CPU
		{8249D84D-0750-4FFD-BD43-894344E60A2C}.Release|x86.ActiveCfg = Release|Any CPU
		{BB0A289D-50B1-4754-B0B3-89D5E8E2DECC}.Debug|Any CPU.ActiveCfg = Debug|Any CPU
		{BB0A289D-50B1-4754-B0B3-89D5E8E2DECC}.Debug|Any CPU.Build.0 = Debug|Any CPU
		{BB0A289D-50B1-4754-B0B3-89D5E8E2DECC}.Debug|Mixed Platforms.ActiveCfg = Debug|Any CPU
		{BB0A289D-50B1-4754-B0B3-89D5E8E2DECC}.Debug|Mixed Platforms.Build.0 = Debug|Any CPU
		{BB0A289D-50B1-4754-B0B3-89D5E8E2DECC}.Debug|Mixed Platforms.Deploy.0 = Debug|Any CPU
		{BB0A289D-50B1-4754-B0B3-89D5E8E2DECC}.Debug|x86.ActiveCfg = Debug|Any CPU
		{BB0A289D-50B1-4754-B0B3-89D5E8E2DECC}.Release|Any CPU.ActiveCfg = Release|Any CPU
		{BB0A289D-50B1-4754-B0B3-89D5E8E2DECC}.Release|Any CPU.Build.0 = Release|Any CPU
		{BB0A289D-50B1-4754-B0B3-89D5E8E2DECC}.Release|Mixed Platforms.ActiveCfg = Release|Any CPU
		{BB0A289D-50B1-4754-B0B3-89D5E8E2DECC}.Release|Mixed Platforms.Build.0 = Release|Any CPU
		{BB0A289D-50B1-4754-B0B3-89D5E8E2DECC}.Release|x86.ActiveCfg = Release|Any CPU
		{1903DCB6-CA0D-4472-BF37-983321B8CA11}.Debug|Any CPU.ActiveCfg = Debug|Any CPU
		{1903DCB6-CA0D-4472-BF37-983321B8CA11}.Debug|Any CPU.Build.0 = Debug|Any CPU
		{1903DCB6-CA0D-4472-BF37-983321B8CA11}.Debug|Mixed Platforms.ActiveCfg = Debug|Any CPU
		{1903DCB6-CA0D-4472-BF37-983321B8CA11}.Debug|Mixed Platforms.Build.0 = Debug|Any CPU
		{1903DCB6-CA0D-4472-BF37-983321B8CA11}.Debug|x86.ActiveCfg = Debug|Any CPU
		{1903DCB6-CA0D-4472-BF37-983321B8CA11}.Release|Any CPU.ActiveCfg = Release|Any CPU
		{1903DCB6-CA0D-4472-BF37-983321B8CA11}.Release|Any CPU.Build.0 = Release|Any CPU
		{1903DCB6-CA0D-4472-BF37-983321B8CA11}.Release|Mixed Platforms.ActiveCfg = Release|Any CPU
		{1903DCB6-CA0D-4472-BF37-983321B8CA11}.Release|Mixed Platforms.Build.0 = Release|Any CPU
		{1903DCB6-CA0D-4472-BF37-983321B8CA11}.Release|x86.ActiveCfg = Release|Any CPU
		{C247E548-5657-49E7-8379-8444CFB12CD1}.Debug|Any CPU.ActiveCfg = Debug|Any CPU
		{C247E548-5657-49E7-8379-8444CFB12CD1}.Debug|Any CPU.Build.0 = Debug|Any CPU
		{C247E548-5657-49E7-8379-8444CFB12CD1}.Debug|Mixed Platforms.ActiveCfg = Debug|Any CPU
		{C247E548-5657-49E7-8379-8444CFB12CD1}.Debug|Mixed Platforms.Build.0 = Debug|Any CPU
		{C247E548-5657-49E7-8379-8444CFB12CD1}.Debug|x86.ActiveCfg = Debug|Any CPU
		{C247E548-5657-49E7-8379-8444CFB12CD1}.Release|Any CPU.ActiveCfg = Release|Any CPU
		{C247E548-5657-49E7-8379-8444CFB12CD1}.Release|Any CPU.Build.0 = Release|Any CPU
		{C247E548-5657-49E7-8379-8444CFB12CD1}.Release|Mixed Platforms.ActiveCfg = Release|Any CPU
		{C247E548-5657-49E7-8379-8444CFB12CD1}.Release|Mixed Platforms.Build.0 = Release|Any CPU
		{C247E548-5657-49E7-8379-8444CFB12CD1}.Release|x86.ActiveCfg = Release|Any CPU
		{BC2F8F68-E22D-4C49-9585-C995D41A6141}.Debug|Any CPU.ActiveCfg = Debug|Any CPU
		{BC2F8F68-E22D-4C49-9585-C995D41A6141}.Debug|Any CPU.Build.0 = Debug|Any CPU
		{BC2F8F68-E22D-4C49-9585-C995D41A6141}.Debug|Mixed Platforms.ActiveCfg = Debug|Any CPU
		{BC2F8F68-E22D-4C49-9585-C995D41A6141}.Debug|Mixed Platforms.Build.0 = Debug|Any CPU
		{BC2F8F68-E22D-4C49-9585-C995D41A6141}.Debug|x86.ActiveCfg = Debug|Any CPU
		{BC2F8F68-E22D-4C49-9585-C995D41A6141}.Release|Any CPU.ActiveCfg = Release|Any CPU
		{BC2F8F68-E22D-4C49-9585-C995D41A6141}.Release|Any CPU.Build.0 = Release|Any CPU
		{BC2F8F68-E22D-4C49-9585-C995D41A6141}.Release|Mixed Platforms.ActiveCfg = Release|Any CPU
		{BC2F8F68-E22D-4C49-9585-C995D41A6141}.Release|Mixed Platforms.Build.0 = Release|Any CPU
		{BC2F8F68-E22D-4C49-9585-C995D41A6141}.Release|x86.ActiveCfg = Release|Any CPU
		{6AEDB151-201F-4A0F-B13C-7A3FD6737FC8}.Debug|Any CPU.ActiveCfg = Debug|Any CPU
		{6AEDB151-201F-4A0F-B13C-7A3FD6737FC8}.Debug|Any CPU.Build.0 = Debug|Any CPU
		{6AEDB151-201F-4A0F-B13C-7A3FD6737FC8}.Debug|Mixed Platforms.ActiveCfg = Debug|Any CPU
		{6AEDB151-201F-4A0F-B13C-7A3FD6737FC8}.Debug|Mixed Platforms.Build.0 = Debug|Any CPU
		{6AEDB151-201F-4A0F-B13C-7A3FD6737FC8}.Debug|x86.ActiveCfg = Debug|Any CPU
		{6AEDB151-201F-4A0F-B13C-7A3FD6737FC8}.Release|Any CPU.ActiveCfg = Release|Any CPU
		{6AEDB151-201F-4A0F-B13C-7A3FD6737FC8}.Release|Any CPU.Build.0 = Release|Any CPU
		{6AEDB151-201F-4A0F-B13C-7A3FD6737FC8}.Release|Mixed Platforms.ActiveCfg = Release|Any CPU
		{6AEDB151-201F-4A0F-B13C-7A3FD6737FC8}.Release|Mixed Platforms.Build.0 = Release|Any CPU
		{6AEDB151-201F-4A0F-B13C-7A3FD6737FC8}.Release|x86.ActiveCfg = Release|Any CPU
		{861E6563-C022-422B-9A33-F880C9A73EAE}.Debug|Any CPU.ActiveCfg = Debug|Any CPU
		{861E6563-C022-422B-9A33-F880C9A73EAE}.Debug|Any CPU.Build.0 = Debug|Any CPU
		{861E6563-C022-422B-9A33-F880C9A73EAE}.Debug|Mixed Platforms.ActiveCfg = Debug|Any CPU
		{861E6563-C022-422B-9A33-F880C9A73EAE}.Debug|Mixed Platforms.Build.0 = Debug|Any CPU
		{861E6563-C022-422B-9A33-F880C9A73EAE}.Debug|x86.ActiveCfg = Debug|Any CPU
		{861E6563-C022-422B-9A33-F880C9A73EAE}.Release|Any CPU.ActiveCfg = Release|Any CPU
		{861E6563-C022-422B-9A33-F880C9A73EAE}.Release|Any CPU.Build.0 = Release|Any CPU
		{861E6563-C022-422B-9A33-F880C9A73EAE}.Release|Mixed Platforms.ActiveCfg = Release|Any CPU
		{861E6563-C022-422B-9A33-F880C9A73EAE}.Release|Mixed Platforms.Build.0 = Release|Any CPU
		{861E6563-C022-422B-9A33-F880C9A73EAE}.Release|x86.ActiveCfg = Release|Any CPU
	EndGlobalSection
	GlobalSection(SolutionProperties) = preSolution
		HideSolutionNode = FALSE
	EndGlobalSection
EndGlobal
